// !$*UTF8*$!
{
	archiveVersion = 1;
	classes = {
	};
	objectVersion = 56;
	objects = {

/* Begin PBXBuildFile section */
		A00000010000000000000001 /* FLBPManagerSuiteApp.swift in Sources */ = {isa = PBXBuildFile; fileRef = B00000010000000000000001 /* FLBPManagerSuiteApp.swift */; };
		A00000010000000000000002 /* ContentView.swift in Sources */ = {isa = PBXBuildFile; fileRef = B00000010000000000000002 /* ContentView.swift */; };
		A00000010000000000000003 /* AuditedRoute.swift in Sources */ = {isa = PBXBuildFile; fileRef = B00000010000000000000003 /* AuditedRoute.swift */; };
		A00000010000000000000004 /* Assets.xcassets in Resources */ = {isa = PBXBuildFile; fileRef = B00000010000000000000004 /* Assets.xcassets */; };
		A00000010000000000000005 /* PublicRouteState.swift in Sources */ = {isa = PBXBuildFile; fileRef = B00000010000000000000006 /* PublicRouteState.swift */; };
		A00000010000000000000006 /* NativePublicData.swift in Sources */ = {isa = PBXBuildFile; fileRef = B00000010000000000000007 /* NativePublicData.swift */; };
		A00000010000000000000007 /* NativePublicScreens.swift in Sources */ = {isa = PBXBuildFile; fileRef = B00000010000000000000008 /* NativePublicScreens.swift */; };
		A00000010000000000000008 /* NativePublicCache.swift in Sources */ = {isa = PBXBuildFile; fileRef = B00000010000000000000009 /* NativePublicCache.swift */; };
		A00000010000000000000009 /* NativeProtectedData.swift in Sources */ = {isa = PBXBuildFile; fileRef = B00000010000000000000010 /* NativeProtectedData.swift */; };
		A00000010000000000000010 /* NativeProtectedScreens.swift in Sources */ = {isa = PBXBuildFile; fileRef = B00000010000000000000011 /* NativeProtectedScreens.swift */; };
		A00000010000000000000011 /* NativeWebMirrorView.swift in Sources */ = {isa = PBXBuildFile; fileRef = B00000010000000000000012 /* NativeWebMirrorView.swift */; };
/* End PBXBuildFile section */

/* Begin PBXFileReference section */
		B00000010000000000000000 /* FLBPManagerSuite.app */ = {isa = PBXFileReference; explicitFileType = wrapper.application; includeInIndex = 0; path = FLBPManagerSuite.app; sourceTree = BUILT_PRODUCTS_DIR; };
		B00000010000000000000001 /* FLBPManagerSuiteApp.swift */ = {isa = PBXFileReference; lastKnownFileType = sourcecode.swift; path = FLBPManagerSuiteApp.swift; sourceTree = "<group>"; };
		B00000010000000000000002 /* ContentView.swift */ = {isa = PBXFileReference; lastKnownFileType = sourcecode.swift; path = ContentView.swift; sourceTree = "<group>"; };
		B00000010000000000000003 /* AuditedRoute.swift */ = {isa = PBXFileReference; lastKnownFileType = sourcecode.swift; path = AuditedRoute.swift; sourceTree = "<group>"; };
		B00000010000000000000004 /* Assets.xcassets */ = {isa = PBXFileReference; lastKnownFileType = folder.assetcatalog; path = Assets.xcassets; sourceTree = "<group>"; };
		B00000010000000000000005 /* Info.plist */ = {isa = PBXFileReference; lastKnownFileType = text.plist.xml; path = Info.plist; sourceTree = "<group>"; };
		B00000010000000000000006 /* PublicRouteState.swift */ = {isa = PBXFileReference; lastKnownFileType = sourcecode.swift; path = PublicRouteState.swift; sourceTree = "<group>"; };
		B00000010000000000000007 /* NativePublicData.swift */ = {isa = PBXFileReference; lastKnownFileType = sourcecode.swift; path = NativePublicData.swift; sourceTree = "<group>"; };
		B00000010000000000000008 /* NativePublicScreens.swift */ = {isa = PBXFileReference; lastKnownFileType = sourcecode.swift; path = NativePublicScreens.swift; sourceTree = "<group>"; };
		B00000010000000000000009 /* NativePublicCache.swift */ = {isa = PBXFileReference; lastKnownFileType = sourcecode.swift; path = NativePublicCache.swift; sourceTree = "<group>"; };
		B00000010000000000000010 /* NativeProtectedData.swift */ = {isa = PBXFileReference; lastKnownFileType = sourcecode.swift; path = NativeProtectedData.swift; sourceTree = "<group>"; };
		B00000010000000000000011 /* NativeProtectedScreens.swift */ = {isa = PBXFileReference; lastKnownFileType = sourcecode.swift; path = NativeProtectedScreens.swift; sourceTree = "<group>"; };
		B00000010000000000000012 /* NativeWebMirrorView.swift */ = {isa = PBXFileReference; lastKnownFileType = sourcecode.swift; path = NativeWebMirrorView.swift; sourceTree = "<group>"; };
/* End PBXFileReference section */

/* Begin PBXFrameworksBuildPhase section */
		C00000010000000000000001 /* Frameworks */ = {
			isa = PBXFrameworksBuildPhase;
			buildActionMask = 2147483647;
			files = (
			);
			runOnlyForDeploymentPostprocessing = 0;
		};
/* End PBXFrameworksBuildPhase section */

/* Begin PBXGroup section */
		D00000010000000000000000 = {
			isa = PBXGroup;
			children = (
				D00000010000000000000001 /* FLBPManagerSuite */,
				D00000010000000000000002 /* Products */,
			);
			sourceTree = "<group>";
		};
		D00000010000000000000001 /* FLBPManagerSuite */ = {
			isa = PBXGroup;
			children = (
				B00000010000000000000001 /* FLBPManagerSuiteApp.swift */,
				B00000010000000000000002 /* ContentView.swift */,
				B00000010000000000000003 /* AuditedRoute.swift */,
				B00000010000000000000006 /* PublicRouteState.swift */,
				B00000010000000000000007 /* NativePublicData.swift */,
				B00000010000000000000008 /* NativePublicScreens.swift */,
				B00000010000000000000009 /* NativePublicCache.swift */,
				B00000010000000000000010 /* NativeProtectedData.swift */,
				B00000010000000000000011 /* NativeProtectedScreens.swift */,
				B00000010000000000000012 /* NativeWebMirrorView.swift */,
				B00000010000000000000004 /* Assets.xcassets */,
				B00000010000000000000005 /* Info.plist */,
			);
			path = FLBPManagerSuite;
			sourceTree = "<group>";
		};
		D00000010000000000000002 /* Products */ = {
			isa = PBXGroup;
			children = (
				B00000010000000000000000 /* FLBPManagerSuite.app */,
			);
			name = Products;
			sourceTree = "<group>";
		};
/* End PBXGroup section */

/* Begin PBXNativeTarget section */
		E00000010000000000000001 /* FLBPManagerSuite */ = {
			isa = PBXNativeTarget;
			buildConfigurationList = F00000010000000000000002 /* Build configuration list for PBXNativeTarget "FLBPManagerSuite" */;
			buildPhases = (
				C00000010000000000000002 /* Sources */,
				C00000010000000000000001 /* Frameworks */,
				C00000010000000000000003 /* Resources */,
			);
			buildRules = (
			);
			dependencies = (
			);
			name = FLBPManagerSuite;
			productName = FLBPManagerSuite;
			productReference = B00000010000000000000000 /* FLBPManagerSuite.app */;
			productType = "com.apple.product-type.application";
		};
/* End PBXNativeTarget section */

/* Begin PBXProject section */
		E00000010000000000000000 /* Project object */ = {
			isa = PBXProject;
			attributes = {
				BuildIndependentTargetsInParallel = 1;
				LastSwiftUpdateCheck = 1600;
				LastUpgradeCheck = 1600;
				TargetAttributes = {
					E00000010000000000000001 = {
						CreatedOnToolsVersion = 16.0;
					};
				};
			};
			buildConfigurationList = F00000010000000000000001 /* Build configuration list for PBXProject "FLBPManagerSuite" */;
			compatibilityVersion = "Xcode 14.0";
			developmentRegion = en;
			hasScannedForEncodings = 0;
			knownRegions = (
				en,
				Base,
			);
			mainGroup = D00000010000000000000000;
			productRefGroup = D00000010000000000000002 /* Products */;
			projectDirPath = "";
			projectRoot = "";
			targets = (
				E00000010000000000000001 /* FLBPManagerSuite */,
			);
		};
/* End PBXProject section */

/* Begin PBXResourcesBuildPhase section */
		C00000010000000000000003 /* Resources */ = {
			isa = PBXResourcesBuildPhase;
			buildActionMask = 2147483647;
			files = (
				A00000010000000000000004 /* Assets.xcassets in Resources */,
			);
			runOnlyForDeploymentPostprocessing = 0;
		};
/* End PBXResourcesBuildPhase section */

/* Begin PBXSourcesBuildPhase section */
		C00000010000000000000002 /* Sources */ = {
			isa = PBXSourcesBuildPhase;
			buildActionMask = 2147483647;
			files = (
				A00000010000000000000001 /* FLBPManagerSuiteApp.swift in Sources */,
				A00000010000000000000002 /* ContentView.swift in Sources */,
				A00000010000000000000003 /* AuditedRoute.swift in Sources */,
				A00000010000000000000005 /* PublicRouteState.swift in Sources */,
				A00000010000000000000006 /* NativePublicData.swift in Sources */,
				A00000010000000000000007 /* NativePublicScreens.swift in Sources */,
				A00000010000000000000008 /* NativePublicCache.swift in Sources */,
				A00000010000000000000009 /* NativeProtectedData.swift in Sources */,
				A00000010000000000000010 /* NativeProtectedScreens.swift in Sources */,
				A00000010000000000000011 /* NativeWebMirrorView.swift in Sources */,
			);
			runOnlyForDeploymentPostprocessing = 0;
		};
/* End PBXSourcesBuildPhase section */

/* Begin XCBuildConfiguration section */
		F00000010000000000000003 /* Debug */ = {
			isa = XCBuildConfiguration;
			buildSettings = {
				ALWAYS_SEARCH_USER_PATHS = NO;
				CLANG_ENABLE_MODULES = YES;
				CLANG_ENABLE_OBJC_ARC = YES;
				COPY_PHASE_STRIP = NO;
				DEBUG_INFORMATION_FORMAT = dwarf;
				ENABLE_STRICT_OBJC_MSGSEND = YES;
				ENABLE_TESTABILITY = YES;
				GCC_C_LANGUAGE_STANDARD = gnu17;
				GCC_NO_COMMON_BLOCKS = YES;
				GCC_WARN_64_TO_32_BIT_CONVERSION = YES;
				GCC_WARN_UNDECLARED_SELECTOR = YES;
				GCC_WARN_UNINITIALIZED_AUTOS = YES_AGGRESSIVE;
				GCC_WARN_UNUSED_FUNCTION = YES;
				GCC_WARN_UNUSED_VARIABLE = YES;
				IPHONEOS_DEPLOYMENT_TARGET = 15.0;
				MTL_ENABLE_DEBUG_INFO = INCLUDE_SOURCE;
				ONLY_ACTIVE_ARCH = YES;
				SDKROOT = iphoneos;
				SWIFT_ACTIVE_COMPILATION_CONDITIONS = DEBUG;
				SWIFT_OPTIMIZATION_LEVEL = "-Onone";
			};
			name = Debug;
		};
		F00000010000000000000004 /* Release */ = {
			isa = XCBuildConfiguration;
			buildSettings = {
				ALWAYS_SEARCH_USER_PATHS = NO;
				CLANG_ENABLE_MODULES = YES;
				CLANG_ENABLE_OBJC_ARC = YES;
				COPY_PHASE_STRIP = NO;
				DEBUG_INFORMATION_FORMAT = "dwarf-with-dsym";
				ENABLE_NS_ASSERTIONS = NO;
				ENABLE_STRICT_OBJC_MSGSEND = YES;
				GCC_C_LANGUAGE_STANDARD = gnu17;
				GCC_NO_COMMON_BLOCKS = YES;
				GCC_WARN_64_TO_32_BIT_CONVERSION = YES;
				GCC_WARN_UNDECLARED_SELECTOR = YES;
				GCC_WARN_UNINITIALIZED_AUTOS = YES_AGGRESSIVE;
				GCC_WARN_UNUSED_FUNCTION = YES;
				GCC_WARN_UNUSED_VARIABLE = YES;
				IPHONEOS_DEPLOYMENT_TARGET = 15.0;
				MTL_ENABLE_DEBUG_INFO = NO;
				SDKROOT = iphoneos;
				SWIFT_COMPILATION_MODE = wholemodule;
				SWIFT_OPTIMIZATION_LEVEL = "-O";
			};
			name = Release;
		};
		F00000010000000000000005 /* Debug */ = {
			isa = XCBuildConfiguration;
			buildSettings = {
				ASSETCATALOG_COMPILER_APPICON_NAME = AppIcon;
				ASSETCATALOG_COMPILER_GLOBAL_ACCENT_COLOR_NAME = AccentColor;
				CODE_SIGN_STYLE = Automatic;
				CURRENT_PROJECT_VERSION = 1;
				DEVELOPMENT_TEAM = "";
				ENABLE_PREVIEWS = YES;
				GENERATE_INFOPLIST_FILE = NO;
				INFOPLIST_FILE = FLBPManagerSuite/Info.plist;
				IPHONEOS_DEPLOYMENT_TARGET = 15.0;
				LD_RUNPATH_SEARCH_PATHS = (
					"$(inherited)",
					"@executable_path/Frameworks",
				);
				MARKETING_VERSION = 0.1.0;
				PRODUCT_BUNDLE_IDENTIFIER = com.flbp.manager.suite;
				PRODUCT_NAME = "$(TARGET_NAME)";
				SUPPORTED_PLATFORMS = "iphoneos iphonesimulator";
				SWIFT_EMIT_LOC_STRINGS = YES;
				SWIFT_VERSION = 5.0;
				TARGETED_DEVICE_FAMILY = 1;
			};
			name = Debug;
		};
		F00000010000000000000006 /* Release */ = {
			isa = XCBuildConfiguration;
			buildSettings = {
				ASSETCATALOG_COMPILER_APPICON_NAME = AppIcon;
				ASSETCATALOG_COMPILER_GLOBAL_ACCENT_COLOR_NAME = AccentColor;
				CODE_SIGN_STYLE = Automatic;
				CURRENT_PROJECT_VERSION = 1;
				DEVELOPMENT_TEAM = "";
				GENERATE_INFOPLIST_FILE = NO;
				INFOPLIST_FILE = FLBPManagerSuite/Info.plist;
				IPHONEOS_DEPLOYMENT_TARGET = 15.0;
				LD_RUNPATH_SEARCH_PATHS = (
					"$(inherited)",
					"@executable_path/Frameworks",
				);
				MARKETING_VERSION = 0.1.0;
				PRODUCT_BUNDLE_IDENTIFIER = com.flbp.manager.suite;
				PRODUCT_NAME = "$(TARGET_NAME)";
				SUPPORTED_PLATFORMS = "iphoneos iphonesimulator";
				SWIFT_EMIT_LOC_STRINGS = YES;
				SWIFT_VERSION = 5.0;
				TARGETED_DEVICE_FAMILY = 1;
				VALIDATE_PRODUCT = YES;
			};
			name = Release;
		};
/* End XCBuildConfiguration section */

/* Begin XCConfigurationList section */
		F00000010000000000000001 /* Build configuration list for PBXProject "FLBPManagerSuite" */ = {
			isa = XCConfigurationList;
			buildConfigurations = (
				F00000010000000000000003 /* Debug */,
				F00000010000000000000004 /* Release */,
			);
			defaultConfigurationIsVisible = 0;
			defaultConfigurationName = Release;
		};
		F00000010000000000000002 /* Build configuration list for PBXNativeTarget "FLBPManagerSuite" */ = {
			isa = XCConfigurationList;
			buildConfigurations = (
				F00000010000000000000005 /* Debug */,
				F00000010000000000000006 /* Release */,
			);
			defaultConfigurationIsVisible = 0;
			defaultConfigurationName = Release;
		};
/* End XCConfigurationList section */
	};
	rootObject = E00000010000000000000000 /* Project object */;
}
